
Microsoft Visual Studio Solution File, Format Version 12.00
# Visual Studio Version 16
VisualStudioVersion = 16.0.30523.141
MinimumVisualStudioVersion = 10.0.40219.1
Project("{FAE04EC0-301F-11D3-BF4B-00C04F79EFBC}") = "K8s.Workshop.Api", "K8s.Workshop.Api\K8s.Workshop.Api.csproj", "{7CE94EB1-809B-4BCB-99D1-DDECBA4EF27C}"
EndProject
Project("{FAE04EC0-301F-11D3-BF4B-00C04F79EFBC}") = "K8s.Workshop.Web", "K8s.Workshop.Web\K8s.Workshop.Web.csproj", "{22D86959-0C46-41D5-BB6C-5445D2212DB6}"
EndProject
Global
	GlobalSection(SolutionConfigurationPlatforms) = preSolution
		Debug|Any CPU = Debug|Any CPU
		Release|Any CPU = Release|Any CPU
	EndGlobalSection
	GlobalSection(ProjectConfigurationPlatforms) = postSolution
		{7CE94EB1-809B-4BCB-99D1-DDECBA4EF27C}.Debug|Any CPU.ActiveCfg = Debug|Any CPU
		{7CE94EB1-809B-4BCB-99D1-DDECBA4EF27C}.Debug|Any CPU.Build.0 = Debug|Any CPU
		{7CE94EB1-809B-4BCB-99D1-DDECBA4EF27C}.Release|Any CPU.ActiveCfg = Release|Any CPU
		{7CE94EB1-809B-4BCB-99D1-DDECBA4EF27C}.Release|Any CPU.Build.0 = Release|Any CPU
		{22D86959-0C46-41D5-BB6C-5445D2212DB6}.Debug|Any CPU.ActiveCfg = Debug|Any CPU
		{22D86959-0C46-41D5-BB6C-5445D2212DB6}.Debug|Any CPU.Build.0 = Debug|Any CPU
		{22D86959-0C46-41D5-BB6C-5445D2212DB6}.Release|Any CPU.ActiveCfg = Release|Any CPU
		{22D86959-0C46-41D5-BB6C-5445D2212DB6}.Release|Any CPU.Build.0 = Release|Any CPU
	EndGlobalSection
	GlobalSection(SolutionProperties) = preSolution
		HideSolutionNode = FALSE
	EndGlobalSection
	GlobalSection(ExtensibilityGlobals) = postSolution
		SolutionGuid = {36C70D02-EB13-494B-A351-E0BDDA14E8B3}
	EndGlobalSection
EndGlobal
